
Microsoft Visual Studio Solution File, Format Version 11.00
# Visual Studio 2010
Project("{FAE04EC0-301F-11D3-BF4B-00C04F79EFBC}") = "urlHandler", "urlHandler.csproj", "{1E6DB77F-7F44-4CC7-A146-F84DB204BF48}"
EndProject
Project("{2150E333-8FDC-42A3-9474-1A3956D46DE8}") = "Solution Items", "Solution Items", "{33BFDDE4-7D08-4D14-822D-CDE9404DAD8D}"
	ProjectSection(SolutionItems) = preProject
		..\..\..\..\_work\MSI-GeneratorV2\trunk\Settings.StyleCop = ..\..\..\..\_work\MSI-GeneratorV2\trunk\Settings.StyleCop
	EndProjectSection
EndProject
Project("{FAE04EC0-301F-11D3-BF4B-00C04F79EFBC}") = "urlHandler.WinApiLayer", "WinApiLayer\urlHandler.WinApiLayer.csproj", "{AC158BD1-03BF-4710-8859-A6741C26CB2F}"
EndProject
Project("{FAE04EC0-301F-11D3-BF4B-00C04F79EFBC}") = "urlHandler.Common", "urlHandler.Common\urlHandler.Common.csproj", "{D7BA46EB-3182-40FF-B129-225C904C6B99}"
EndProject
Project("{FAE04EC0-301F-11D3-BF4B-00C04F79EFBC}") = "urlHandler.UnixLayer", "urlHandler.UnixLayer\urlHandler.UnixLayer.csproj", "{C0808176-4F0B-422A-9565-EF7921485284}"
EndProject
Project("{930C7802-8A8C-48F9-8165-68863BCCD9DD}") = "urlHandler.Msi", "..\urlHandler.Msi\urlHandler.Msi.wixproj", "{A4096E79-D462-486F-9A0E-CDCE727531F7}"
EndProject
Global
	GlobalSection(SolutionConfigurationPlatforms) = preSolution
		Debug Linux|Any CPU = Debug Linux|Any CPU
		Debug Linux|Mixed Platforms = Debug Linux|Mixed Platforms
		Debug Linux|x86 = Debug Linux|x86
		Debug Windows|Any CPU = Debug Windows|Any CPU
		Debug Windows|Mixed Platforms = Debug Windows|Mixed Platforms
		Debug Windows|x86 = Debug Windows|x86
		Release Linux|Any CPU = Release Linux|Any CPU
		Release Linux|Mixed Platforms = Release Linux|Mixed Platforms
		Release Linux|x86 = Release Linux|x86
		Release Windows|Any CPU = Release Windows|Any CPU
		Release Windows|Mixed Platforms = Release Windows|Mixed Platforms
		Release Windows|x86 = Release Windows|x86
	EndGlobalSection
	GlobalSection(ProjectConfigurationPlatforms) = postSolution
		{1E6DB77F-7F44-4CC7-A146-F84DB204BF48}.Debug Linux|Any CPU.ActiveCfg = Debug Linux|Any CPU
		{1E6DB77F-7F44-4CC7-A146-F84DB204BF48}.Debug Linux|Any CPU.Build.0 = Debug Linux|Any CPU
		{1E6DB77F-7F44-4CC7-A146-F84DB204BF48}.Debug Linux|Mixed Platforms.ActiveCfg = Debug Linux|Any CPU
		{1E6DB77F-7F44-4CC7-A146-F84DB204BF48}.Debug Linux|Mixed Platforms.Build.0 = Debug Linux|Any CPU
		{1E6DB77F-7F44-4CC7-A146-F84DB204BF48}.Debug Linux|x86.ActiveCfg = Debug Linux|x86
		{1E6DB77F-7F44-4CC7-A146-F84DB204BF48}.Debug Linux|x86.Build.0 = Debug Linux|x86
		{1E6DB77F-7F44-4CC7-A146-F84DB204BF48}.Debug Windows|Any CPU.ActiveCfg = Debug Windows|Any CPU
		{1E6DB77F-7F44-4CC7-A146-F84DB204BF48}.Debug Windows|Any CPU.Build.0 = Debug Windows|Any CPU
		{1E6DB77F-7F44-4CC7-A146-F84DB204BF48}.Debug Windows|Mixed Platforms.ActiveCfg = Debug Windows|Any CPU
		{1E6DB77F-7F44-4CC7-A146-F84DB204BF48}.Debug Windows|Mixed Platforms.Build.0 = Debug Windows|Any CPU
		{1E6DB77F-7F44-4CC7-A146-F84DB204BF48}.Debug Windows|x86.ActiveCfg = Debug Windows|x86
		{1E6DB77F-7F44-4CC7-A146-F84DB204BF48}.Release Linux|Any CPU.ActiveCfg = Release Linux|Any CPU
		{1E6DB77F-7F44-4CC7-A146-F84DB204BF48}.Release Linux|Any CPU.Build.0 = Release Linux|Any CPU
		{1E6DB77F-7F44-4CC7-A146-F84DB204BF48}.Release Linux|Mixed Platforms.ActiveCfg = Release Linux|Any CPU
		{1E6DB77F-7F44-4CC7-A146-F84DB204BF48}.Release Linux|Mixed Platforms.Build.0 = Release Linux|Any CPU
		{1E6DB77F-7F44-4CC7-A146-F84DB204BF48}.Release Linux|x86.ActiveCfg = Release Linux|x86
		{1E6DB77F-7F44-4CC7-A146-F84DB204BF48}.Release Linux|x86.Build.0 = Release Linux|x86
		{1E6DB77F-7F44-4CC7-A146-F84DB204BF48}.Release Windows|Any CPU.ActiveCfg = Release Windows|Any CPU
		{1E6DB77F-7F44-4CC7-A146-F84DB204BF48}.Release Windows|Any CPU.Build.0 = Release Windows|Any CPU
		{1E6DB77F-7F44-4CC7-A146-F84DB204BF48}.Release Windows|Mixed Platforms.ActiveCfg = Release Windows|Any CPU
		{1E6DB77F-7F44-4CC7-A146-F84DB204BF48}.Release Windows|Mixed Platforms.Build.0 = Release Windows|Any CPU
		{1E6DB77F-7F44-4CC7-A146-F84DB204BF48}.Release Windows|x86.ActiveCfg = Release Windows|x86
		{1E6DB77F-7F44-4CC7-A146-F84DB204BF48}.Release Windows|x86.Build.0 = Release Windows|x86
		{AC158BD1-03BF-4710-8859-A6741C26CB2F}.Debug Linux|Any CPU.ActiveCfg = Debug Windows|Any CPU
		{AC158BD1-03BF-4710-8859-A6741C26CB2F}.Debug Linux|Mixed Platforms.ActiveCfg = Debug Windows|Any CPU
		{AC158BD1-03BF-4710-8859-A6741C26CB2F}.Debug Linux|Mixed Platforms.Build.0 = Debug Windows|Any CPU
		{AC158BD1-03BF-4710-8859-A6741C26CB2F}.Debug Linux|x86.ActiveCfg = Debug|Any CPU
		{AC158BD1-03BF-4710-8859-A6741C26CB2F}.Debug Windows|Any CPU.ActiveCfg = Debug Windows|Any CPU
		{AC158BD1-03BF-4710-8859-A6741C26CB2F}.Debug Windows|Any CPU.Build.0 = Debug Windows|Any CPU
		{AC158BD1-03BF-4710-8859-A6741C26CB2F}.Debug Windows|Mixed Platforms.ActiveCfg = Debug Windows|Any CPU
		{AC158BD1-03BF-4710-8859-A6741C26CB2F}.Debug Windows|Mixed Platforms.Build.0 = Debug Windows|Any CPU
		{AC158BD1-03BF-4710-8859-A6741C26CB2F}.Debug Windows|x86.ActiveCfg = Debug Windows|Any CPU
		{AC158BD1-03BF-4710-8859-A6741C26CB2F}.Release Linux|Any CPU.ActiveCfg = Release|Any CPU
		{AC158BD1-03BF-4710-8859-A6741C26CB2F}.Release Linux|Mixed Platforms.ActiveCfg = Release|Any CPU
		{AC158BD1-03BF-4710-8859-A6741C26CB2F}.Release Linux|Mixed Platforms.Build.0 = Release|Any CPU
		{AC158BD1-03BF-4710-8859-A6741C26CB2F}.Release Linux|x86.ActiveCfg = Release|Any CPU
		{AC158BD1-03BF-4710-8859-A6741C26CB2F}.Release Windows|Any CPU.ActiveCfg = Release Windows|Any CPU
		{AC158BD1-03BF-4710-8859-A6741C26CB2F}.Release Windows|Any CPU.Build.0 = Release Windows|Any CPU
		{AC158BD1-03BF-4710-8859-A6741C26CB2F}.Release Windows|Mixed Platforms.ActiveCfg = Release Windows|Any CPU
		{AC158BD1-03BF-4710-8859-A6741C26CB2F}.Release Windows|Mixed Platforms.Build.0 = Release Windows|Any CPU
		{AC158BD1-03BF-4710-8859-A6741C26CB2F}.Release Windows|x86.ActiveCfg = Release Windows|Any CPU
		{D7BA46EB-3182-40FF-B129-225C904C6B99}.Debug Linux|Any CPU.ActiveCfg = Debug|Any CPU
		{D7BA46EB-3182-40FF-B129-225C904C6B99}.Debug Linux|Any CPU.Build.0 = Debug|Any CPU
		{D7BA46EB-3182-40FF-B129-225C904C6B99}.Debug Linux|Mixed Platforms.ActiveCfg = Debug Windows|Any CPU
		{D7BA46EB-3182-40FF-B129-225C904C6B99}.Debug Linux|Mixed Platforms.Build.0 = Debug Windows|Any CPU
		{D7BA46EB-3182-40FF-B129-225C904C6B99}.Debug Linux|x86.ActiveCfg = Debug|Any CPU
		{D7BA46EB-3182-40FF-B129-225C904C6B99}.Debug Linux|x86.Build.0 = Debug|Any CPU
		{D7BA46EB-3182-40FF-B129-225C904C6B99}.Debug Windows|Any CPU.ActiveCfg = Debug Windows|Any CPU
		{D7BA46EB-3182-40FF-B129-225C904C6B99}.Debug Windows|Any CPU.Build.0 = Debug Windows|Any CPU
		{D7BA46EB-3182-40FF-B129-225C904C6B99}.Debug Windows|Mixed Platforms.ActiveCfg = Debug Windows|Any CPU
		{D7BA46EB-3182-40FF-B129-225C904C6B99}.Debug Windows|Mixed Platforms.Build.0 = Debug Windows|Any CPU
		{D7BA46EB-3182-40FF-B129-225C904C6B99}.Debug Windows|x86.ActiveCfg = Debug Windows|Any CPU
		{D7BA46EB-3182-40FF-B129-225C904C6B99}.Release Linux|Any CPU.ActiveCfg = Release|Any CPU
		{D7BA46EB-3182-40FF-B129-225C904C6B99}.Release Linux|Any CPU.Build.0 = Release|Any CPU
		{D7BA46EB-3182-40FF-B129-225C904C6B99}.Release Linux|Mixed Platforms.ActiveCfg = Release|Any CPU
		{D7BA46EB-3182-40FF-B129-225C904C6B99}.Release Linux|Mixed Platforms.Build.0 = Release|Any CPU
		{D7BA46EB-3182-40FF-B129-225C904C6B99}.Release Linux|x86.ActiveCfg = Release|Any CPU
		{D7BA46EB-3182-40FF-B129-225C904C6B99}.Release Linux|x86.Build.0 = Release|Any CPU
		{D7BA46EB-3182-40FF-B129-225C904C6B99}.Release Windows|Any CPU.ActiveCfg = Release Windows|Any CPU
		{D7BA46EB-3182-40FF-B129-225C904C6B99}.Release Windows|Any CPU.Build.0 = Release Windows|Any CPU
		{D7BA46EB-3182-40FF-B129-225C904C6B99}.Release Windows|Mixed Platforms.ActiveCfg = Release Windows|Any CPU
		{D7BA46EB-3182-40FF-B129-225C904C6B99}.Release Windows|Mixed Platforms.Build.0 = Release Windows|Any CPU
		{D7BA46EB-3182-40FF-B129-225C904C6B99}.Release Windows|x86.ActiveCfg = Release Windows|Any CPU
		{C0808176-4F0B-422A-9565-EF7921485284}.Debug Linux|Any CPU.ActiveCfg = Debug|Any CPU
		{C0808176-4F0B-422A-9565-EF7921485284}.Debug Linux|Any CPU.Build.0 = Debug|Any CPU
		{C0808176-4F0B-422A-9565-EF7921485284}.Debug Linux|Mixed Platforms.ActiveCfg = Debug|Any CPU
		{C0808176-4F0B-422A-9565-EF7921485284}.Debug Linux|Mixed Platforms.Build.0 = Debug|Any CPU
		{C0808176-4F0B-422A-9565-EF7921485284}.Debug Linux|x86.ActiveCfg = Debug|Any CPU
		{C0808176-4F0B-422A-9565-EF7921485284}.Debug Linux|x86.Build.0 = Debug|Any CPU
		{C0808176-4F0B-422A-9565-EF7921485284}.Debug Windows|Any CPU.ActiveCfg = Debug|Any CPU
		{C0808176-4F0B-422A-9565-EF7921485284}.Debug Windows|Mixed Platforms.ActiveCfg = Debug|Any CPU
		{C0808176-4F0B-422A-9565-EF7921485284}.Debug Windows|Mixed Platforms.Build.0 = Debug|Any CPU
		{C0808176-4F0B-422A-9565-EF7921485284}.Debug Windows|x86.ActiveCfg = Debug|Any CPU
		{C0808176-4F0B-422A-9565-EF7921485284}.Release Linux|Any CPU.ActiveCfg = Release|Any CPU
		{C0808176-4F0B-422A-9565-EF7921485284}.Release Linux|Any CPU.Build.0 = Release|Any CPU
		{C0808176-4F0B-422A-9565-EF7921485284}.Release Linux|Mixed Platforms.ActiveCfg = Release|Any CPU
		{C0808176-4F0B-422A-9565-EF7921485284}.Release Linux|Mixed Platforms.Build.0 = Release|Any CPU
		{C0808176-4F0B-422A-9565-EF7921485284}.Release Linux|x86.ActiveCfg = Debug|Any CPU
		{C0808176-4F0B-422A-9565-EF7921485284}.Release Linux|x86.Build.0 = Debug|Any CPU
		{C0808176-4F0B-422A-9565-EF7921485284}.Release Windows|Any CPU.ActiveCfg = Release Windows|Any CPU
		{C0808176-4F0B-422A-9565-EF7921485284}.Release Windows|Mixed Platforms.ActiveCfg = Release Windows|Any CPU
		{C0808176-4F0B-422A-9565-EF7921485284}.Release Windows|Mixed Platforms.Build.0 = Release Windows|Any CPU
		{C0808176-4F0B-422A-9565-EF7921485284}.Release Windows|x86.ActiveCfg = Release Windows|Any CPU
		{A4096E79-D462-486F-9A0E-CDCE727531F7}.Debug Linux|Any CPU.ActiveCfg = Debug|x86
		{A4096E79-D462-486F-9A0E-CDCE727531F7}.Debug Linux|Mixed Platforms.ActiveCfg = Debug|x86
		{A4096E79-D462-486F-9A0E-CDCE727531F7}.Debug Linux|Mixed Platforms.Build.0 = Debug|x86
		{A4096E79-D462-486F-9A0E-CDCE727531F7}.Debug Linux|x86.ActiveCfg = Debug|x86
		{A4096E79-D462-486F-9A0E-CDCE727531F7}.Debug Linux|x86.Build.0 = Debug|x86
		{A4096E79-D462-486F-9A0E-CDCE727531F7}.Debug Windows|Any CPU.ActiveCfg = Debug|x86
		{A4096E79-D462-486F-9A0E-CDCE727531F7}.Debug Windows|Any CPU.Build.0 = Debug|x86
		{A4096E79-D462-486F-9A0E-CDCE727531F7}.Debug Windows|Mixed Platforms.ActiveCfg = Debug|x86
		{A4096E79-D462-486F-9A0E-CDCE727531F7}.Debug Windows|Mixed Platforms.Build.0 = Debug|x86
		{A4096E79-D462-486F-9A0E-CDCE727531F7}.Debug Windows|x86.ActiveCfg = Debug|x86
		{A4096E79-D462-486F-9A0E-CDCE727531F7}.Debug Windows|x86.Build.0 = Debug|x86
		{A4096E79-D462-486F-9A0E-CDCE727531F7}.Release Linux|Any CPU.ActiveCfg = Release|x86
		{A4096E79-D462-486F-9A0E-CDCE727531F7}.Release Linux|Mixed Platforms.ActiveCfg = Release|x86
		{A4096E79-D462-486F-9A0E-CDCE727531F7}.Release Linux|Mixed Platforms.Build.0 = Release|x86
		{A4096E79-D462-486F-9A0E-CDCE727531F7}.Release Linux|x86.ActiveCfg = Release|x86
		{A4096E79-D462-486F-9A0E-CDCE727531F7}.Release Linux|x86.Build.0 = Release|x86
		{A4096E79-D462-486F-9A0E-CDCE727531F7}.Release Windows|Any CPU.ActiveCfg = Release Windows|x86
		{A4096E79-D462-486F-9A0E-CDCE727531F7}.Release Windows|Any CPU.Build.0 = Release Windows|x86
		{A4096E79-D462-486F-9A0E-CDCE727531F7}.Release Windows|Mixed Platforms.ActiveCfg = Release Windows|x86
		{A4096E79-D462-486F-9A0E-CDCE727531F7}.Release Windows|Mixed Platforms.Build.0 = Release Windows|x86
		{A4096E79-D462-486F-9A0E-CDCE727531F7}.Release Windows|x86.ActiveCfg = Release Windows|x86
		{A4096E79-D462-486F-9A0E-CDCE727531F7}.Release Windows|x86.Build.0 = Release Windows|x86
	EndGlobalSection
	GlobalSection(SolutionProperties) = preSolution
		HideSolutionNode = FALSE
	EndGlobalSection
	GlobalSection(MonoDevelopProperties) = preSolution
		StartupItem = urlHandler.csproj
	EndGlobalSection
EndGlobal
